// !$*UTF8*$!
{
	archiveVersion = 1;
	classes = {
	};
	objectVersion = 46;
	objects = {

/* Begin PBXBuildFile section */
		840291041A2DD71600AA7885 /* main.m in Sources */ = {isa = PBXBuildFile; fileRef = 840291031A2DD71600AA7885 /* main.m */; };
		840291071A2DD71600AA7885 /* AppDelegate.m in Sources */ = {isa = PBXBuildFile; fileRef = 840291061A2DD71600AA7885 /* AppDelegate.m */; };
		8402910A1A2DD71600AA7885 /* ViewController.m in Sources */ = {isa = PBXBuildFile; fileRef = 840291091A2DD71600AA7885 /* ViewController.m */; };
		8402910F1A2DD71600AA7885 /* Images.xcassets in Resources */ = {isa = PBXBuildFile; fileRef = 8402910E1A2DD71600AA7885 /* Images.xcassets */; };
		840291121A2DD71600AA7885 /* LaunchScreen.xib in Resources */ = {isa = PBXBuildFile; fileRef = 840291101A2DD71600AA7885 /* LaunchScreen.xib */; };
		8402911E1A2DD71600AA7885 /* FeedSaverTests.m in Sources */ = {isa = PBXBuildFile; fileRef = 8402911D1A2DD71600AA7885 /* FeedSaverTests.m */; };
		840291291A2DDF1D00AA7885 /* FeedParser.m in Sources */ = {isa = PBXBuildFile; fileRef = 840291281A2DDF1D00AA7885 /* FeedParser.m */; };
		8402912C1A2F6C1400AA7885 /* FeedItem.m in Sources */ = {isa = PBXBuildFile; fileRef = 8402912B1A2F6C1400AA7885 /* FeedItem.m */; };
		84AC5D3A1A431378002AE96C /* FeedItemDetailedViewController.m in Sources */ = {isa = PBXBuildFile; fileRef = 84AC5D391A431378002AE96C /* FeedItemDetailedViewController.m */; };
		84CF92631A36032F000E910F /* DBManager.m in Sources */ = {isa = PBXBuildFile; fileRef = 84CF92621A36032F000E910F /* DBManager.m */; };
		84CF92651A3603A8000E910F /* libsqlite3.0.dylib in Frameworks */ = {isa = PBXBuildFile; fileRef = 84CF92641A3603A8000E910F /* libsqlite3.0.dylib */; };
/* End PBXBuildFile section */

/* Begin PBXContainerItemProxy section */
		840291181A2DD71600AA7885 /* PBXContainerItemProxy */ = {
			isa = PBXContainerItemProxy;
			containerPortal = 840290F61A2DD71600AA7885 /* Project object */;
			proxyType = 1;
			remoteGlobalIDString = 840290FD1A2DD71600AA7885;
			remoteInfo = FeedSaver;
		};
/* End PBXContainerItemProxy section */

/* Begin PBXFileReference section */
		840290FE1A2DD71600AA7885 /* FeedSaver.app */ = {isa = PBXFileReference; explicitFileType = wrapper.application; includeInIndex = 0; path = FeedSaver.app; sourceTree = BUILT_PRODUCTS_DIR; };
		840291021A2DD71600AA7885 /* Info.plist */ = {isa = PBXFileReference; lastKnownFileType = text.plist.xml; path = Info.plist; sourceTree = "<group>"; };
		840291031A2DD71600AA7885 /* main.m */ = {isa = PBXFileReference; lastKnownFileType = sourcecode.c.objc; path = main.m; sourceTree = "<group>"; };
		840291051A2DD71600AA7885 /* AppDelegate.h */ = {isa = PBXFileReference; lastKnownFileType = sourcecode.c.h; path = AppDelegate.h; sourceTree = "<group>"; };
		840291061A2DD71600AA7885 /* AppDelegate.m */ = {isa = PBXFileReference; lastKnownFileType = sourcecode.c.objc; path = AppDelegate.m; sourceTree = "<group>"; };
		840291081A2DD71600AA7885 /* ViewController.h */ = {isa = PBXFileReference; lastKnownFileType = sourcecode.c.h; path = ViewController.h; sourceTree = "<group>"; };
		840291091A2DD71600AA7885 /* ViewController.m */ = {isa = PBXFileReference; lastKnownFileType = sourcecode.c.objc; path = ViewController.m; sourceTree = "<group>"; };
		8402910E1A2DD71600AA7885 /* Images.xcassets */ = {isa = PBXFileReference; lastKnownFileType = folder.assetcatalog; path = Images.xcassets; sourceTree = "<group>"; };
		840291111A2DD71600AA7885 /* Base */ = {isa = PBXFileReference; lastKnownFileType = file.xib; name = Base; path = Base.lproj/LaunchScreen.xib; sourceTree = "<group>"; };
		840291171A2DD71600AA7885 /* FeedSaverTests.xctest */ = {isa = PBXFileReference; explicitFileType = wrapper.cfbundle; includeInIndex = 0; path = FeedSaverTests.xctest; sourceTree = BUILT_PRODUCTS_DIR; };
		8402911C1A2DD71600AA7885 /* Info.plist */ = {isa = PBXFileReference; lastKnownFileType = text.plist.xml; path = Info.plist; sourceTree = "<group>"; };
		8402911D1A2DD71600AA7885 /* FeedSaverTests.m */ = {isa = PBXFileReference; lastKnownFileType = sourcecode.c.objc; path = FeedSaverTests.m; sourceTree = "<group>"; };
		840291271A2DDBC900AA7885 /* FeedParser.h */ = {isa = PBXFileReference; lastKnownFileType = sourcecode.c.h; path = FeedParser.h; sourceTree = "<group>"; };
		840291281A2DDF1D00AA7885 /* FeedParser.m */ = {isa = PBXFileReference; fileEncoding = 4; lastKnownFileType = sourcecode.c.objc; path = FeedParser.m; sourceTree = "<group>"; };
		8402912B1A2F6C1400AA7885 /* FeedItem.m */ = {isa = PBXFileReference; fileEncoding = 4; lastKnownFileType = sourcecode.c.objc; path = FeedItem.m; sourceTree = "<group>"; };
		84AC5D371A430D10002AE96C /* FeedItemDetailedViewController.h */ = {isa = PBXFileReference; lastKnownFileType = sourcecode.c.h; path = FeedItemDetailedViewController.h; sourceTree = "<group>"; };
		84AC5D381A430FA1002AE96C /* FeedItem.h */ = {isa = PBXFileReference; fileEncoding = 4; lastKnownFileType = sourcecode.c.h; path = FeedItem.h; sourceTree = "<group>"; };
		84AC5D391A431378002AE96C /* FeedItemDetailedViewController.m */ = {isa = PBXFileReference; fileEncoding = 4; lastKnownFileType = sourcecode.c.objc; path = FeedItemDetailedViewController.m; sourceTree = "<group>"; };
		84CF92611A3602AF000E910F /* DBManager.h */ = {isa = PBXFileReference; lastKnownFileType = sourcecode.c.h; path = DBManager.h; sourceTree = "<group>"; };
		84CF92621A36032F000E910F /* DBManager.m */ = {isa = PBXFileReference; fileEncoding = 4; lastKnownFileType = sourcecode.c.objc; path = DBManager.m; sourceTree = "<group>"; };
		84CF92641A3603A8000E910F /* libsqlite3.0.dylib */ = {isa = PBXFileReference; lastKnownFileType = "compiled.mach-o.dylib"; name = libsqlite3.0.dylib; path = usr/lib/libsqlite3.0.dylib; sourceTree = SDKROOT; };
/* End PBXFileReference section */

/* Begin PBXFrameworksBuildPhase section */
		840290FB1A2DD71600AA7885 /* Frameworks */ = {
			isa = PBXFrameworksBuildPhase;
			buildActionMask = 2147483647;
			files = (
				84CF92651A3603A8000E910F /* libsqlite3.0.dylib in Frameworks */,
			);
			runOnlyForDeploymentPostprocessing = 0;
		};
		840291141A2DD71600AA7885 /* Frameworks */ = {
			isa = PBXFrameworksBuildPhase;
			buildActionMask = 2147483647;
			files = (
			);
			runOnlyForDeploymentPostprocessing = 0;
		};
/* End PBXFrameworksBuildPhase section */

/* Begin PBXGroup section */
		840290F51A2DD71600AA7885 = {
			isa = PBXGroup;
			children = (
				84CF92641A3603A8000E910F /* libsqlite3.0.dylib */,
				840291001A2DD71600AA7885 /* FeedSaver */,
				8402911A1A2DD71600AA7885 /* FeedSaverTests */,
				840290FF1A2DD71600AA7885 /* Products */,
			);
			sourceTree = "<group>";
		};
		840290FF1A2DD71600AA7885 /* Products */ = {
			isa = PBXGroup;
			children = (
				840290FE1A2DD71600AA7885 /* FeedSaver.app */,
				840291171A2DD71600AA7885 /* FeedSaverTests.xctest */,
			);
			name = Products;
			sourceTree = "<group>";
		};
		840291001A2DD71600AA7885 /* FeedSaver */ = {
			isa = PBXGroup;
			children = (
				840291051A2DD71600AA7885 /* AppDelegate.h */,
				840291061A2DD71600AA7885 /* AppDelegate.m */,
				8402912B1A2F6C1400AA7885 /* FeedItem.m */,
				84AC5D381A430FA1002AE96C /* FeedItem.h */,
				84AC5D371A430D10002AE96C /* FeedItemDetailedViewController.h */,
				84AC5D391A431378002AE96C /* FeedItemDetailedViewController.m */,
				840291081A2DD71600AA7885 /* ViewController.h */,
				840291091A2DD71600AA7885 /* ViewController.m */,
				840291271A2DDBC900AA7885 /* FeedParser.h */,
				840291281A2DDF1D00AA7885 /* FeedParser.m */,
				84CF92611A3602AF000E910F /* DBManager.h */,
				84CF92621A36032F000E910F /* DBManager.m */,
				8402910E1A2DD71600AA7885 /* Images.xcassets */,
				840291101A2DD71600AA7885 /* LaunchScreen.xib */,
				840291011A2DD71600AA7885 /* Supporting Files */,
			);
			path = FeedSaver;
			sourceTree = "<group>";
		};
		840291011A2DD71600AA7885 /* Supporting Files */ = {
			isa = PBXGroup;
			children = (
				840291021A2DD71600AA7885 /* Info.plist */,
				840291031A2DD71600AA7885 /* main.m */,
			);
			name = "Supporting Files";
			sourceTree = "<group>";
		};
		8402911A1A2DD71600AA7885 /* FeedSaverTests */ = {
			isa = PBXGroup;
			children = (
				8402911D1A2DD71600AA7885 /* FeedSaverTests.m */,
				8402911B1A2DD71600AA7885 /* Supporting Files */,
			);
			path = FeedSaverTests;
			sourceTree = "<group>";
		};
		8402911B1A2DD71600AA7885 /* Supporting Files */ = {
			isa = PBXGroup;
			children = (
				8402911C1A2DD71600AA7885 /* Info.plist */,
			);
			name = "Supporting Files";
			sourceTree = "<group>";
		};
/* End PBXGroup section */

/* Begin PBXNativeTarget section */
		840290FD1A2DD71600AA7885 /* FeedSaver */ = {
			isa = PBXNativeTarget;
			buildConfigurationList = 840291211A2DD71600AA7885 /* Build configuration list for PBXNativeTarget "FeedSaver" */;
			buildPhases = (
				840290FA1A2DD71600AA7885 /* Sources */,
				840290FB1A2DD71600AA7885 /* Frameworks */,
				840290FC1A2DD71600AA7885 /* Resources */,
			);
			buildRules = (
			);
			dependencies = (
			);
			name = FeedSaver;
			productName = FeedSaver;
			productReference = 840290FE1A2DD71600AA7885 /* FeedSaver.app */;
			productType = "com.apple.product-type.application";
		};
		840291161A2DD71600AA7885 /* FeedSaverTests */ = {
			isa = PBXNativeTarget;
			buildConfigurationList = 840291241A2DD71600AA7885 /* Build configuration list for PBXNativeTarget "FeedSaverTests" */;
			buildPhases = (
				840291131A2DD71600AA7885 /* Sources */,
				840291141A2DD71600AA7885 /* Frameworks */,
				840291151A2DD71600AA7885 /* Resources */,
			);
			buildRules = (
			);
			dependencies = (
				840291191A2DD71600AA7885 /* PBXTargetDependency */,
			);
			name = FeedSaverTests;
			productName = FeedSaverTests;
			productReference = 840291171A2DD71600AA7885 /* FeedSaverTests.xctest */;
			productType = "com.apple.product-type.bundle.unit-test";
		};
/* End PBXNativeTarget section */

/* Begin PBXProject section */
		840290F61A2DD71600AA7885 /* Project object */ = {
			isa = PBXProject;
			attributes = {
				LastUpgradeCheck = 0610;
				ORGANIZATIONNAME = "Radu Pop";
				TargetAttributes = {
					840290FD1A2DD71600AA7885 = {
						CreatedOnToolsVersion = 6.1;
					};
					840291161A2DD71600AA7885 = {
						CreatedOnToolsVersion = 6.1;
						TestTargetID = 840290FD1A2DD71600AA7885;
					};
				};
			};
			buildConfigurationList = 840290F91A2DD71600AA7885 /* Build configuration list for PBXProject "FeedSaver" */;
			compatibilityVersion = "Xcode 3.2";
			developmentRegion = English;
			hasScannedForEncodings = 0;
			knownRegions = (
				en,
				Base,
			);
			mainGroup = 840290F51A2DD71600AA7885;
			productRefGroup = 840290FF1A2DD71600AA7885 /* Products */;
			projectDirPath = "";
			projectRoot = "";
			targets = (
				840290FD1A2DD71600AA7885 /* FeedSaver */,
				840291161A2DD71600AA7885 /* FeedSaverTests */,
			);
		};
/* End PBXProject section */

/* Begin PBXResourcesBuildPhase section */
		840290FC1A2DD71600AA7885 /* Resources */ = {
			isa = PBXResourcesBuildPhase;
			buildActionMask = 2147483647;
			files = (
				840291121A2DD71600AA7885 /* LaunchScreen.xib in Resources */,
				8402910F1A2DD71600AA7885 /* Images.xcassets in Resources */,
			);
			runOnlyForDeploymentPostprocessing = 0;
		};
		840291151A2DD71600AA7885 /* Resources */ = {
			isa = PBXResourcesBuildPhase;
			buildActionMask = 2147483647;
			files = (
			);
			runOnlyForDeploymentPostprocessing = 0;
		};
/* End PBXResourcesBuildPhase section */

/* Begin PBXSourcesBuildPhase section */
		840290FA1A2DD71600AA7885 /* Sources */ = {
			isa = PBXSourcesBuildPhase;
			buildActionMask = 2147483647;
			files = (
				840291291A2DDF1D00AA7885 /* FeedParser.m in Sources */,
				8402912C1A2F6C1400AA7885 /* FeedItem.m in Sources */,
				84AC5D3A1A431378002AE96C /* FeedItemDetailedViewController.m in Sources */,
				8402910A1A2DD71600AA7885 /* ViewController.m in Sources */,
				84CF92631A36032F000E910F /* DBManager.m in Sources */,
				840291071A2DD71600AA7885 /* AppDelegate.m in Sources */,
				840291041A2DD71600AA7885 /* main.m in Sources */,
			);
			runOnlyForDeploymentPostprocessing = 0;
		};
		840291131A2DD71600AA7885 /* Sources */ = {
			isa = PBXSourcesBuildPhase;
			buildActionMask = 2147483647;
			files = (
				8402911E1A2DD71600AA7885 /* FeedSaverTests.m in Sources */,
			);
			runOnlyForDeploymentPostprocessing = 0;
		};
/* End PBXSourcesBuildPhase section */

/* Begin PBXTargetDependency section */
		840291191A2DD71600AA7885 /* PBXTargetDependency */ = {
			isa = PBXTargetDependency;
			target = 840290FD1A2DD71600AA7885 /* FeedSaver */;
			targetProxy = 840291181A2DD71600AA7885 /* PBXContainerItemProxy */;
		};
/* End PBXTargetDependency section */

/* Begin PBXVariantGroup section */
		840291101A2DD71600AA7885 /* LaunchScreen.xib */ = {
			isa = PBXVariantGroup;
			children = (
				840291111A2DD71600AA7885 /* Base */,
			);
			name = LaunchScreen.xib;
			sourceTree = "<group>";
		};
/* End PBXVariantGroup section */

/* Begin XCBuildConfiguration section */
		8402911F1A2DD71600AA7885 /* Debug */ = {
			isa = XCBuildConfiguration;
			buildSettings = {
				ALWAYS_SEARCH_USER_PATHS = NO;
				CLANG_CXX_LANGUAGE_STANDARD = "gnu++0x";
				CLANG_CXX_LIBRARY = "libc++";
				CLANG_ENABLE_MODULES = YES;
				CLANG_ENABLE_OBJC_ARC = YES;
				CLANG_WARN_BOOL_CONVERSION = YES;
				CLANG_WARN_CONSTANT_CONVERSION = YES;
				CLANG_WARN_DIRECT_OBJC_ISA_USAGE = YES_ERROR;
				CLANG_WARN_EMPTY_BODY = YES;
				CLANG_WARN_ENUM_CONVERSION = YES;
				CLANG_WARN_INT_CONVERSION = YES;
				CLANG_WARN_OBJC_ROOT_CLASS = YES_ERROR;
				CLANG_WARN_UNREACHABLE_CODE = YES;
				CLANG_WARN__DUPLICATE_METHOD_MATCH = YES;
				"CODE_SIGN_IDENTITY[sdk=iphoneos*]" = "iPhone Developer";
				COPY_PHASE_STRIP = NO;
				ENABLE_STRICT_OBJC_MSGSEND = YES;
				GCC_C_LANGUAGE_STANDARD = gnu99;
				GCC_DYNAMIC_NO_PIC = NO;
				GCC_OPTIMIZATION_LEVEL = 0;
				GCC_PREPROCESSOR_DEFINITIONS = (
					"DEBUG=1",
					"$(inherited)",
				);
				GCC_SYMBOLS_PRIVATE_EXTERN = NO;
				GCC_WARN_64_TO_32_BIT_CONVERSION = YES;
				GCC_WARN_ABOUT_RETURN_TYPE = YES_ERROR;
				GCC_WARN_UNDECLARED_SELECTOR = YES;
				GCC_WARN_UNINITIALIZED_AUTOS = YES_AGGRESSIVE;
				GCC_WARN_UNUSED_FUNCTION = YES;
				GCC_WARN_UNUSED_VARIABLE = YES;
				IPHONEOS_DEPLOYMENT_TARGET = 8.1;
				MTL_ENABLE_DEBUG_INFO = YES;
				ONLY_ACTIVE_ARCH = YES;
				SDKROOT = iphoneos;
			};
			name = Debug;
		};
		840291201A2DD71600AA7885 /* Release */ = {
			isa = XCBuildConfiguration;
			buildSettings = {
				ALWAYS_SEARCH_USER_PATHS = NO;
				CLANG_CXX_LANGUAGE_STANDARD = "gnu++0x";
				CLANG_CXX_LIBRARY = "libc++";
				CLANG_ENABLE_MODULES = YES;
				CLANG_ENABLE_OBJC_ARC = YES;
				CLANG_WARN_BOOL_CONVERSION = YES;
				CLANG_WARN_CONSTANT_CONVERSION = YES;
				CLANG_WARN_DIRECT_OBJC_ISA_USAGE = YES_ERROR;
				CLANG_WARN_EMPTY_BODY = YES;
				CLANG_WARN_ENUM_CONVERSION = YES;
				CLANG_WARN_INT_CONVERSION = YES;
				CLANG_WARN_OBJC_ROOT_CLASS = YES_ERROR;
				CLANG_WARN_UNREACHABLE_CODE = YES;
				CLANG_WARN__DUPLICATE_METHOD_MATCH = YES;
				"CODE_SIGN_IDENTITY[sdk=iphoneos*]" = "iPhone Developer";
				COPY_PHASE_STRIP = YES;
				ENABLE_NS_ASSERTIONS = NO;
				ENABLE_STRICT_OBJC_MSGSEND = YES;
				GCC_C_LANGUAGE_STANDARD = gnu99;
				GCC_WARN_64_TO_32_BIT_CONVERSION = YES;
				GCC_WARN_ABOUT_RETURN_TYPE = YES_ERROR;
				GCC_WARN_UNDECLARED_SELECTOR = YES;
				GCC_WARN_UNINITIALIZED_AUTOS = YES_AGGRESSIVE;
				GCC_WARN_UNUSED_FUNCTION = YES;
				GCC_WARN_UNUSED_VARIABLE = YES;
				IPHONEOS_DEPLOYMENT_TARGET = 8.1;
				MTL_ENABLE_DEBUG_INFO = NO;
				SDKROOT = iphoneos;
				VALIDATE_PRODUCT = YES;
			};
			name = Release;
		};
		840291221A2DD71600AA7885 /* Debug */ = {
			isa = XCBuildConfiguration;
			buildSettings = {
				ASSETCATALOG_COMPILER_APPICON_NAME = AppIcon;
				INFOPLIST_FILE = FeedSaver/Info.plist;
				LD_RUNPATH_SEARCH_PATHS = "$(inherited) @executable_path/Frameworks";
				PRODUCT_NAME = "$(TARGET_NAME)";
			};
			name = Debug;
		};
		840291231A2DD71600AA7885 /* Release */ = {
			isa = XCBuildConfiguration;
			buildSettings = {
				ASSETCATALOG_COMPILER_APPICON_NAME = AppIcon;
				INFOPLIST_FILE = FeedSaver/Info.plist;
				LD_RUNPATH_SEARCH_PATHS = "$(inherited) @executable_path/Frameworks";
				PRODUCT_NAME = "$(TARGET_NAME)";
			};
			name = Release;
		};
		840291251A2DD71600AA7885 /* Debug */ = {
			isa = XCBuildConfiguration;
			buildSettings = {
				BUNDLE_LOADER = "$(TEST_HOST)";
				FRAMEWORK_SEARCH_PATHS = (
					"$(SDKROOT)/Developer/Library/Frameworks",
					"$(inherited)",
				);
				GCC_PREPROCESSOR_DEFINITIONS = (
					"DEBUG=1",
					"$(inherited)",
				);
				INFOPLIST_FILE = FeedSaverTests/Info.plist;
				LD_RUNPATH_SEARCH_PATHS = "$(inherited) @executable_path/Frameworks @loader_path/Frameworks";
				PRODUCT_NAME = "$(TARGET_NAME)";
				TEST_HOST = "$(BUILT_PRODUCTS_DIR)/FeedSaver.app/FeedSaver";
			};
			name = Debug;
		};
		840291261A2DD71600AA7885 /* Release */ = {
			isa = XCBuildConfiguration;
			buildSettings = {
				BUNDLE_LOADER = "$(TEST_HOST)";
				FRAMEWORK_SEARCH_PATHS = (
					"$(SDKROOT)/Developer/Library/Frameworks",
					"$(inherited)",
				);
				INFOPLIST_FILE = FeedSaverTests/Info.plist;
				LD_RUNPATH_SEARCH_PATHS = "$(inherited) @executable_path/Frameworks @loader_path/Frameworks";
				PRODUCT_NAME = "$(TARGET_NAME)";
				TEST_HOST = "$(BUILT_PRODUCTS_DIR)/FeedSaver.app/FeedSaver";
			};
			name = Release;
		};
/* End XCBuildConfiguration section */

/* Begin XCConfigurationList section */
		840290F91A2DD71600AA7885 /* Build configuration list for PBXProject "FeedSaver" */ = {
			isa = XCConfigurationList;
			buildConfigurations = (
				8402911F1A2DD71600AA7885 /* Debug */,
				840291201A2DD71600AA7885 /* Release */,
			);
			defaultConfigurationIsVisible = 0;
			defaultConfigurationName = Release;
		};
		840291211A2DD71600AA7885 /* Build configuration list for PBXNativeTarget "FeedSaver" */ = {
			isa = XCConfigurationList;
			buildConfigurations = (
				840291221A2DD71600AA7885 /* Debug */,
				840291231A2DD71600AA7885 /* Release */,
			);
			defaultConfigurationIsVisible = 0;
			defaultConfigurationName = Release;
		};
		840291241A2DD71600AA7885 /* Build configuration list for PBXNativeTarget "FeedSaverTests" */ = {
			isa = XCConfigurationList;
			buildConfigurations = (
				840291251A2DD71600AA7885 /* Debug */,
				840291261A2DD71600AA7885 /* Release */,
			);
			defaultConfigurationIsVisible = 0;
			defaultConfigurationName = Release;
		};
/* End XCConfigurationList section */
	};
	rootObject = 840290F61A2DD71600AA7885 /* Project object */;
}
